
Microsoft Visual Studio Solution File, Format Version 12.00
# Visual Studio Version 17
VisualStudioVersion = 17.5.002.0
MinimumVisualStudioVersion = 10.0.40219.1
Project("{9A19103F-16F7-4668-BE54-9A1E7A4F7556}") = "TaskApi", "TaskApi.csproj", "{DDC0FCA6-059E-4737-AFF2-95A44792009A}"
EndProject
Global
	GlobalSection(SolutionConfigurationPlatforms) = preSolution
		Debug|Any CPU = Debug|Any CPU
		Release|Any CPU = Release|Any CPU
	EndGlobalSection
	GlobalSection(ProjectConfigurationPlatforms) = postSolution
		{DDC0FCA6-059E-4737-AFF2-95A44792009A}.Debug|Any CPU.ActiveCfg = Debug|Any CPU
		{DDC0FCA6-059E-4737-AFF2-95A44792009A}.Debug|Any CPU.Build.0 = Debug|Any CPU
		{DDC0FCA6-059E-4737-AFF2-95A44792009A}.Release|Any CPU.ActiveCfg = Release|Any CPU
		{DDC0FCA6-059E-4737-AFF2-95A44792009A}.Release|Any CPU.Build.0 = Release|Any CPU
	EndGlobalSection
	GlobalSection(SolutionProperties) = preSolution
		HideSolutionNode = FALSE
	EndGlobalSection
	GlobalSection(ExtensibilityGlobals) = postSolution
		SolutionGuid = {3EBCA012-A58C-475E-89B9-BA09422BB960}
	EndGlobalSection
EndGlobal
